// !$*UTF8*$!
{
	archiveVersion = 1;
	classes = {
	};
	objectVersion = 55;
	objects = {

/* Begin PBXBuildFile section */
		1BD157F0281D354F00DD05CB /* AppDelegate.swift in Sources */ = {isa = PBXBuildFile; fileRef = 1BD157EF281D354F00DD05CB /* AppDelegate.swift */; };
		1BD157F2281D354F00DD05CB /* SceneDelegate.swift in Sources */ = {isa = PBXBuildFile; fileRef = 1BD157F1281D354F00DD05CB /* SceneDelegate.swift */; };
		1BD157F4281D354F00DD05CB /* ViewController.swift in Sources */ = {isa = PBXBuildFile; fileRef = 1BD157F3281D354F00DD05CB /* ViewController.swift */; };
		1BD157F7281D354F00DD05CB /* Main.storyboard in Resources */ = {isa = PBXBuildFile; fileRef = 1BD157F5281D354F00DD05CB /* Main.storyboard */; };
		1BD157F9281D355000DD05CB /* Assets.xcassets in Resources */ = {isa = PBXBuildFile; fileRef = 1BD157F8281D355000DD05CB /* Assets.xcassets */; };
		1BD157FC281D355000DD05CB /* LaunchScreen.storyboard in Resources */ = {isa = PBXBuildFile; fileRef = 1BD157FA281D355000DD05CB /* LaunchScreen.storyboard */; };
		1BD15807281D355000DD05CB /* MyDdayExampleTests.swift in Sources */ = {isa = PBXBuildFile; fileRef = 1BD15806281D355000DD05CB /* MyDdayExampleTests.swift */; };
		1BD15811281D355000DD05CB /* MyDdayExampleUITests.swift in Sources */ = {isa = PBXBuildFile; fileRef = 1BD15810281D355000DD05CB /* MyDdayExampleUITests.swift */; };
		1BD15813281D355000DD05CB /* MyDdayExampleUITestsLaunchTests.swift in Sources */ = {isa = PBXBuildFile; fileRef = 1BD15812281D355000DD05CB /* MyDdayExampleUITestsLaunchTests.swift */; };
/* End PBXBuildFile section */

/* Begin PBXContainerItemProxy section */
		1BD15803281D355000DD05CB /* PBXContainerItemProxy */ = {
			isa = PBXContainerItemProxy;
			containerPortal = 1BD157E4281D354F00DD05CB /* Project object */;
			proxyType = 1;
			remoteGlobalIDString = 1BD157EB281D354F00DD05CB;
			remoteInfo = MyDdayExample;
		};
		1BD1580D281D355000DD05CB /* PBXContainerItemProxy */ = {
			isa = PBXContainerItemProxy;
			containerPortal = 1BD157E4281D354F00DD05CB /* Project object */;
			proxyType = 1;
			remoteGlobalIDString = 1BD157EB281D354F00DD05CB;
			remoteInfo = MyDdayExample;
		};
/* End PBXContainerItemProxy section */

/* Begin PBXFileReference section */
		1BD157EC281D354F00DD05CB /* MyDdayExample.app */ = {isa = PBXFileReference; explicitFileType = wrapper.application; includeInIndex = 0; path = MyDdayExample.app; sourceTree = BUILT_PRODUCTS_DIR; };
		1BD157EF281D354F00DD05CB /* AppDelegate.swift */ = {isa = PBXFileReference; lastKnownFileType = sourcecode.swift; path = AppDelegate.swift; sourceTree = "<group>"; };
		1BD157F1281D354F00DD05CB /* SceneDelegate.swift */ = {isa = PBXFileReference; lastKnownFileType = sourcecode.swift; path = SceneDelegate.swift; sourceTree = "<group>"; };
		1BD157F3281D354F00DD05CB /* ViewController.swift */ = {isa = PBXFileReference; lastKnownFileType = sourcecode.swift; path = ViewController.swift; sourceTree = "<group>"; };
		1BD157F6281D354F00DD05CB /* Base */ = {isa = PBXFileReference; lastKnownFileType = file.storyboard; name = Base; path = Base.lproj/Main.storyboard; sourceTree = "<group>"; };
		1BD157F8281D355000DD05CB /* Assets.xcassets */ = {isa = PBXFileReference; lastKnownFileType = folder.assetcatalog; path = Assets.xcassets; sourceTree = "<group>"; };
		1BD157FB281D355000DD05CB /* Base */ = {isa = PBXFileReference; lastKnownFileType = file.storyboard; name = Base; path = Base.lproj/LaunchScreen.storyboard; sourceTree = "<group>"; };
		1BD157FD281D355000DD05CB /* Info.plist */ = {isa = PBXFileReference; lastKnownFileType = text.plist.xml; path = Info.plist; sourceTree = "<group>"; };
		1BD15802281D355000DD05CB /* MyDdayExampleTests.xctest */ = {isa = PBXFileReference; explicitFileType = wrapper.cfbundle; includeInIndex = 0; path = MyDdayExampleTests.xctest; sourceTree = BUILT_PRODUCTS_DIR; };
		1BD15806281D355000DD05CB /* MyDdayExampleTests.swift */ = {isa = PBXFileReference; lastKnownFileType = sourcecode.swift; path = MyDdayExampleTests.swift; sourceTree = "<group>"; };
		1BD1580C281D355000DD05CB /* MyDdayExampleUITests.xctest */ = {isa = PBXFileReference; explicitFileType = wrapper.cfbundle; includeInIndex = 0; path = MyDdayExampleUITests.xctest; sourceTree = BUILT_PRODUCTS_DIR; };
		1BD15810281D355000DD05CB /* MyDdayExampleUITests.swift */ = {isa = PBXFileReference; lastKnownFileType = sourcecode.swift; path = MyDdayExampleUITests.swift; sourceTree = "<group>"; };
		1BD15812281D355000DD05CB /* MyDdayExampleUITestsLaunchTests.swift */ = {isa = PBXFileReference; lastKnownFileType = sourcecode.swift; path = MyDdayExampleUITestsLaunchTests.swift; sourceTree = "<group>"; };
/* End PBXFileReference section */

/* Begin PBXFrameworksBuildPhase section */
		1BD157E9281D354F00DD05CB /* Frameworks */ = {
			isa = PBXFrameworksBuildPhase;
			buildActionMask = 2147483647;
			files = (
			);
			runOnlyForDeploymentPostprocessing = 0;
		};
		1BD157FF281D355000DD05CB /* Frameworks */ = {
			isa = PBXFrameworksBuildPhase;
			buildActionMask = 2147483647;
			files = (
			);
			runOnlyForDeploymentPostprocessing = 0;
		};
		1BD15809281D355000DD05CB /* Frameworks */ = {
			isa = PBXFrameworksBuildPhase;
			buildActionMask = 2147483647;
			files = (
			);
			runOnlyForDeploymentPostprocessing = 0;
		};
/* End PBXFrameworksBuildPhase section */

/* Begin PBXGroup section */
		1BD157E3281D354F00DD05CB = {
			isa = PBXGroup;
			children = (
				1BD157EE281D354F00DD05CB /* MyDdayExample */,
				1BD15805281D355000DD05CB /* MyDdayExampleTests */,
				1BD1580F281D355000DD05CB /* MyDdayExampleUITests */,
				1BD157ED281D354F00DD05CB /* Products */,
			);
			sourceTree = "<group>";
		};
		1BD157ED281D354F00DD05CB /* Products */ = {
			isa = PBXGroup;
			children = (
				1BD157EC281D354F00DD05CB /* MyDdayExample.app */,
				1BD15802281D355000DD05CB /* MyDdayExampleTests.xctest */,
				1BD1580C281D355000DD05CB /* MyDdayExampleUITests.xctest */,
			);
			name = Products;
			sourceTree = "<group>";
		};
		1BD157EE281D354F00DD05CB /* MyDdayExample */ = {
			isa = PBXGroup;
			children = (
				1BD157EF281D354F00DD05CB /* AppDelegate.swift */,
				1BD157F1281D354F00DD05CB /* SceneDelegate.swift */,
				1BD157F3281D354F00DD05CB /* ViewController.swift */,
				1BD157F5281D354F00DD05CB /* Main.storyboard */,
				1BD157F8281D355000DD05CB /* Assets.xcassets */,
				1BD157FA281D355000DD05CB /* LaunchScreen.storyboard */,
				1BD157FD281D355000DD05CB /* Info.plist */,
			);
			path = MyDdayExample;
			sourceTree = "<group>";
		};
		1BD15805281D355000DD05CB /* MyDdayExampleTests */ = {
			isa = PBXGroup;
			children = (
				1BD15806281D355000DD05CB /* MyDdayExampleTests.swift */,
			);
			path = MyDdayExampleTests;
			sourceTree = "<group>";
		};
		1BD1580F281D355000DD05CB /* MyDdayExampleUITests */ = {
			isa = PBXGroup;
			children = (
				1BD15810281D355000DD05CB /* MyDdayExampleUITests.swift */,
				1BD15812281D355000DD05CB /* MyDdayExampleUITestsLaunchTests.swift */,
			);
			path = MyDdayExampleUITests;
			sourceTree = "<group>";
		};
/* End PBXGroup section */

/* Begin PBXNativeTarget section */
		1BD157EB281D354F00DD05CB /* MyDdayExample */ = {
			isa = PBXNativeTarget;
			buildConfigurationList = 1BD15816281D355000DD05CB /* Build configuration list for PBXNativeTarget "MyDdayExample" */;
			buildPhases = (
				1BD157E8281D354F00DD05CB /* Sources */,
				1BD157E9281D354F00DD05CB /* Frameworks */,
				1BD157EA281D354F00DD05CB /* Resources */,
			);
			buildRules = (
			);
			dependencies = (
			);
			name = MyDdayExample;
			productName = MyDdayExample;
			productReference = 1BD157EC281D354F00DD05CB /* MyDdayExample.app */;
			productType = "com.apple.product-type.application";
		};
		1BD15801281D355000DD05CB /* MyDdayExampleTests */ = {
			isa = PBXNativeTarget;
			buildConfigurationList = 1BD15819281D355000DD05CB /* Build configuration list for PBXNativeTarget "MyDdayExampleTests" */;
			buildPhases = (
				1BD157FE281D355000DD05CB /* Sources */,
				1BD157FF281D355000DD05CB /* Frameworks */,
				1BD15800281D355000DD05CB /* Resources */,
			);
			buildRules = (
			);
			dependencies = (
				1BD15804281D355000DD05CB /* PBXTargetDependency */,
			);
			name = MyDdayExampleTests;
			productName = MyDdayExampleTests;
			productReference = 1BD15802281D355000DD05CB /* MyDdayExampleTests.xctest */;
			productType = "com.apple.product-type.bundle.unit-test";
		};
		1BD1580B281D355000DD05CB /* MyDdayExampleUITests */ = {
			isa = PBXNativeTarget;
			buildConfigurationList = 1BD1581C281D355000DD05CB /* Build configuration list for PBXNativeTarget "MyDdayExampleUITests" */;
			buildPhases = (
				1BD15808281D355000DD05CB /* Sources */,
				1BD15809281D355000DD05CB /* Frameworks */,
				1BD1580A281D355000DD05CB /* Resources */,
			);
			buildRules = (
			);
			dependencies = (
				1BD1580E281D355000DD05CB /* PBXTargetDependency */,
			);
			name = MyDdayExampleUITests;
			productName = MyDdayExampleUITests;
			productReference = 1BD1580C281D355000DD05CB /* MyDdayExampleUITests.xctest */;
			productType = "com.apple.product-type.bundle.ui-testing";
		};
/* End PBXNativeTarget section */

/* Begin PBXProject section */
		1BD157E4281D354F00DD05CB /* Project object */ = {
			isa = PBXProject;
			attributes = {
				BuildIndependentTargetsInParallel = 1;
				LastSwiftUpdateCheck = 1330;
				LastUpgradeCheck = 1330;
				TargetAttributes = {
					1BD157EB281D354F00DD05CB = {
						CreatedOnToolsVersion = 13.3.1;
					};
					1BD15801281D355000DD05CB = {
						CreatedOnToolsVersion = 13.3.1;
						TestTargetID = 1BD157EB281D354F00DD05CB;
					};
					1BD1580B281D355000DD05CB = {
						CreatedOnToolsVersion = 13.3.1;
						TestTargetID = 1BD157EB281D354F00DD05CB;
					};
				};
			};
			buildConfigurationList = 1BD157E7281D354F00DD05CB /* Build configuration list for PBXProject "MyDdayExample" */;
			compatibilityVersion = "Xcode 13.0";
			developmentRegion = en;
			hasScannedForEncodings = 0;
			knownRegions = (
				en,
				Base,
			);
			mainGroup = 1BD157E3281D354F00DD05CB;
			productRefGroup = 1BD157ED281D354F00DD05CB /* Products */;
			projectDirPath = "";
			projectRoot = "";
			targets = (
				1BD157EB281D354F00DD05CB /* MyDdayExample */,
				1BD15801281D355000DD05CB /* MyDdayExampleTests */,
				1BD1580B281D355000DD05CB /* MyDdayExampleUITests */,
			);
		};
/* End PBXProject section */

/* Begin PBXResourcesBuildPhase section */
		1BD157EA281D354F00DD05CB /* Resources */ = {
			isa = PBXResourcesBuildPhase;
			buildActionMask = 2147483647;
			files = (
				1BD157FC281D355000DD05CB /* LaunchScreen.storyboard in Resources */,
				1BD157F9281D355000DD05CB /* Assets.xcassets in Resources */,
				1BD157F7281D354F00DD05CB /* Main.storyboard in Resources */,
			);
			runOnlyForDeploymentPostprocessing = 0;
		};
		1BD15800281D355000DD05CB /* Resources */ = {
			isa = PBXResourcesBuildPhase;
			buildActionMask = 2147483647;
			files = (
			);
			runOnlyForDeploymentPostprocessing = 0;
		};
		1BD1580A281D355000DD05CB /* Resources */ = {
			isa = PBXResourcesBuildPhase;
			buildActionMask = 2147483647;
			files = (
			);
			runOnlyForDeploymentPostprocessing = 0;
		};
/* End PBXResourcesBuildPhase section */

/* Begin PBXSourcesBuildPhase section */
		1BD157E8281D354F00DD05CB /* Sources */ = {
			isa = PBXSourcesBuildPhase;
			buildActionMask = 2147483647;
			files = (
				1BD157F4281D354F00DD05CB /* ViewController.swift in Sources */,
				1BD157F0281D354F00DD05CB /* AppDelegate.swift in Sources */,
				1BD157F2281D354F00DD05CB /* SceneDelegate.swift in Sources */,
			);
			runOnlyForDeploymentPostprocessing = 0;
		};
		1BD157FE281D355000DD05CB /* Sources */ = {
			isa = PBXSourcesBuildPhase;
			buildActionMask = 2147483647;
			files = (
				1BD15807281D355000DD05CB /* MyDdayExampleTests.swift in Sources */,
			);
			runOnlyForDeploymentPostprocessing = 0;
		};
		1BD15808281D355000DD05CB /* Sources */ = {
			isa = PBXSourcesBuildPhase;
			buildActionMask = 2147483647;
			files = (
				1BD15811281D355000DD05CB /* MyDdayExampleUITests.swift in Sources */,
				1BD15813281D355000DD05CB /* MyDdayExampleUITestsLaunchTests.swift in Sources */,
			);
			runOnlyForDeploymentPostprocessing = 0;
		};
/* End PBXSourcesBuildPhase section */

/* Begin PBXTargetDependency section */
		1BD15804281D355000DD05CB /* PBXTargetDependency */ = {
			isa = PBXTargetDependency;
			target = 1BD157EB281D354F00DD05CB /* MyDdayExample */;
			targetProxy = 1BD15803281D355000DD05CB /* PBXContainerItemProxy */;
		};
		1BD1580E281D355000DD05CB /* PBXTargetDependency */ = {
			isa = PBXTargetDependency;
			target = 1BD157EB281D354F00DD05CB /* MyDdayExample */;
			targetProxy = 1BD1580D281D355000DD05CB /* PBXContainerItemProxy */;
		};
/* End PBXTargetDependency section */

/* Begin PBXVariantGroup section */
		1BD157F5281D354F00DD05CB /* Main.storyboard */ = {
			isa = PBXVariantGroup;
			children = (
				1BD157F6281D354F00DD05CB /* Base */,
			);
			name = Main.storyboard;
			sourceTree = "<group>";
		};
		1BD157FA281D355000DD05CB /* LaunchScreen.storyboard */ = {
			isa = PBXVariantGroup;
			children = (
				1BD157FB281D355000DD05CB /* Base */,
			);
			name = LaunchScreen.storyboard;
			sourceTree = "<group>";
		};
/* End PBXVariantGroup section */

/* Begin XCBuildConfiguration section */
		1BD15814281D355000DD05CB /* Debug */ = {
			isa = XCBuildConfiguration;
			buildSettings = {
				ALWAYS_SEARCH_USER_PATHS = NO;
				CLANG_ANALYZER_NONNULL = YES;
				CLANG_ANALYZER_NUMBER_OBJECT_CONVERSION = YES_AGGRESSIVE;
				CLANG_CXX_LANGUAGE_STANDARD = "gnu++17";
				CLANG_ENABLE_MODULES = YES;
				CLANG_ENABLE_OBJC_ARC = YES;
				CLANG_ENABLE_OBJC_WEAK = YES;
				CLANG_WARN_BLOCK_CAPTURE_AUTORELEASING = YES;
				CLANG_WARN_BOOL_CONVERSION = YES;
				CLANG_WARN_COMMA = YES;
				CLANG_WARN_CONSTANT_CONVERSION = YES;
				CLANG_WARN_DEPRECATED_OBJC_IMPLEMENTATIONS = YES;
				CLANG_WARN_DIRECT_OBJC_ISA_USAGE = YES_ERROR;
				CLANG_WARN_DOCUMENTATION_COMMENTS = YES;
				CLANG_WARN_EMPTY_BODY = YES;
				CLANG_WARN_ENUM_CONVERSION = YES;
				CLANG_WARN_INFINITE_RECURSION = YES;
				CLANG_WARN_INT_CONVERSION = YES;
				CLANG_WARN_NON_LITERAL_NULL_CONVERSION = YES;
				CLANG_WARN_OBJC_IMPLICIT_RETAIN_SELF = YES;
				CLANG_WARN_OBJC_LITERAL_CONVERSION = YES;
				CLANG_WARN_OBJC_ROOT_CLASS = YES_ERROR;
				CLANG_WARN_QUOTED_INCLUDE_IN_FRAMEWORK_HEADER = YES;
				CLANG_WARN_RANGE_LOOP_ANALYSIS = YES;
				CLANG_WARN_STRICT_PROTOTYPES = YES;
				CLANG_WARN_SUSPICIOUS_MOVE = YES;
				CLANG_WARN_UNGUARDED_AVAILABILITY = YES_AGGRESSIVE;
				CLANG_WARN_UNREACHABLE_CODE = YES;
				CLANG_WARN__DUPLICATE_METHOD_MATCH = YES;
				COPY_PHASE_STRIP = NO;
				DEBUG_INFORMATION_FORMAT = dwarf;
				ENABLE_STRICT_OBJC_MSGSEND = YES;
				ENABLE_TESTABILITY = YES;
				GCC_C_LANGUAGE_STANDARD = gnu11;
				GCC_DYNAMIC_NO_PIC = NO;
				GCC_NO_COMMON_BLOCKS = YES;
				GCC_OPTIMIZATION_LEVEL = 0;
				GCC_PREPROCESSOR_DEFINITIONS = (
					"DEBUG=1",
					"$(inherited)",
				);
				GCC_WARN_64_TO_32_BIT_CONVERSION = YES;
				GCC_WARN_ABOUT_RETURN_TYPE = YES_ERROR;
				GCC_WARN_UNDECLARED_SELECTOR = YES;
				GCC_WARN_UNINITIALIZED_AUTOS = YES_AGGRESSIVE;
				GCC_WARN_UNUSED_FUNCTION = YES;
				GCC_WARN_UNUSED_VARIABLE = YES;
				IPHONEOS_DEPLOYMENT_TARGET = 15.4;
				MTL_ENABLE_DEBUG_INFO = INCLUDE_SOURCE;
				MTL_FAST_MATH = YES;
				ONLY_ACTIVE_ARCH = YES;
				SDKROOT = iphoneos;
				SWIFT_ACTIVE_COMPILATION_CONDITIONS = DEBUG;
				SWIFT_OPTIMIZATION_LEVEL = "-Onone";
			};
			name = Debug;
		};
		1BD15815281D355000DD05CB /* Release */ = {
			isa = XCBuildConfiguration;
			buildSettings = {
				ALWAYS_SEARCH_USER_PATHS = NO;
				CLANG_ANALYZER_NONNULL = YES;
				CLANG_ANALYZER_NUMBER_OBJECT_CONVERSION = YES_AGGRESSIVE;
				CLANG_CXX_LANGUAGE_STANDARD = "gnu++17";
				CLANG_ENABLE_MODULES = YES;
				CLANG_ENABLE_OBJC_ARC = YES;
				CLANG_ENABLE_OBJC_WEAK = YES;
				CLANG_WARN_BLOCK_CAPTURE_AUTORELEASING = YES;
				CLANG_WARN_BOOL_CONVERSION = YES;
				CLANG_WARN_COMMA = YES;
				CLANG_WARN_CONSTANT_CONVERSION = YES;
				CLANG_WARN_DEPRECATED_OBJC_IMPLEMENTATIONS = YES;
				CLANG_WARN_DIRECT_OBJC_ISA_USAGE = YES_ERROR;
				CLANG_WARN_DOCUMENTATION_COMMENTS = YES;
				CLANG_WARN_EMPTY_BODY = YES;
				CLANG_WARN_ENUM_CONVERSION = YES;
				CLANG_WARN_INFINITE_RECURSION = YES;
				CLANG_WARN_INT_CONVERSION = YES;
				CLANG_WARN_NON_LITERAL_NULL_CONVERSION = YES;
				CLANG_WARN_OBJC_IMPLICIT_RETAIN_SELF = YES;
				CLANG_WARN_OBJC_LITERAL_CONVERSION = YES;
				CLANG_WARN_OBJC_ROOT_CLASS = YES_ERROR;
				CLANG_WARN_QUOTED_INCLUDE_IN_FRAMEWORK_HEADER = YES;
				CLANG_WARN_RANGE_LOOP_ANALYSIS = YES;
				CLANG_WARN_STRICT_PROTOTYPES = YES;
				CLANG_WARN_SUSPICIOUS_MOVE = YES;
				CLANG_WARN_UNGUARDED_AVAILABILITY = YES_AGGRESSIVE;
				CLANG_WARN_UNREACHABLE_CODE = YES;
				CLANG_WARN__DUPLICATE_METHOD_MATCH = YES;
				COPY_PHASE_STRIP = NO;
				DEBUG_INFORMATION_FORMAT = "dwarf-with-dsym";
				ENABLE_NS_ASSERTIONS = NO;
				ENABLE_STRICT_OBJC_MSGSEND = YES;
				GCC_C_LANGUAGE_STANDARD = gnu11;
				GCC_NO_COMMON_BLOCKS = YES;
				GCC_WARN_64_TO_32_BIT_CONVERSION = YES;
				GCC_WARN_ABOUT_RETURN_TYPE = YES_ERROR;
				GCC_WARN_UNDECLARED_SELECTOR = YES;
				GCC_WARN_UNINITIALIZED_AUTOS = YES_AGGRESSIVE;
				GCC_WARN_UNUSED_FUNCTION = YES;
				GCC_WARN_UNUSED_VARIABLE = YES;
				IPHONEOS_DEPLOYMENT_TARGET = 15.4;
				MTL_ENABLE_DEBUG_INFO = NO;
				MTL_FAST_MATH = YES;
				SDKROOT = iphoneos;
				SWIFT_COMPILATION_MODE = wholemodule;
				SWIFT_OPTIMIZATION_LEVEL = "-O";
				VALIDATE_PRODUCT = YES;
			};
			name = Release;
		};
		1BD15817281D355000DD05CB /* Debug */ = {
			isa = XCBuildConfiguration;
			buildSettings = {
				ASSETCATALOG_COMPILER_APPICON_NAME = AppIcon;
				ASSETCATALOG_COMPILER_GLOBAL_ACCENT_COLOR_NAME = AccentColor;
				CODE_SIGN_STYLE = Automatic;
				CURRENT_PROJECT_VERSION = 1;
				GENERATE_INFOPLIST_FILE = YES;
				INFOPLIST_FILE = MyDdayExample/Info.plist;
				INFOPLIST_KEY_UIApplicationSupportsIndirectInputEvents = YES;
				INFOPLIST_KEY_UILaunchStoryboardName = LaunchScreen;
				INFOPLIST_KEY_UIMainStoryboardFile = Main;
				INFOPLIST_KEY_UISupportedInterfaceOrientations_iPad = "UIInterfaceOrientationPortrait UIInterfaceOrientationPortraitUpsideDown UIInterfaceOrientationLandscapeLeft UIInterfaceOrientationLandscapeRight";
				INFOPLIST_KEY_UISupportedInterfaceOrientations_iPhone = "UIInterfaceOrientationPortrait UIInterfaceOrientationLandscapeLeft UIInterfaceOrientationLandscapeRight";
				LD_RUNPATH_SEARCH_PATHS = (
					"$(inherited)",
					"@executable_path/Frameworks",
				);
				MARKETING_VERSION = 1.0;
				PRODUCT_BUNDLE_IDENTIFIER = com.ssac.MyDdayExample;
				PRODUCT_NAME = "$(TARGET_NAME)";
				SWIFT_EMIT_LOC_STRINGS = YES;
				SWIFT_VERSION = 5.0;
				TARGETED_DEVICE_FAMILY = "1,2";
			};
			name = Debug;
		};
		1BD15818281D355000DD05CB /* Release */ = {
			isa = XCBuildConfiguration;
			buildSettings = {
				ASSETCATALOG_COMPILER_APPICON_NAME = AppIcon;
				ASSETCATALOG_COMPILER_GLOBAL_ACCENT_COLOR_NAME = AccentColor;
				CODE_SIGN_STYLE = Automatic;
				CURRENT_PROJECT_VERSION = 1;
				GENERATE_INFOPLIST_FILE = YES;
				INFOPLIST_FILE = MyDdayExample/Info.plist;
				INFOPLIST_KEY_UIApplicationSupportsIndirectInputEvents = YES;
				INFOPLIST_KEY_UILaunchStoryboardName = LaunchScreen;
				INFOPLIST_KEY_UIMainStoryboardFile = Main;
				INFOPLIST_KEY_UISupportedInterfaceOrientations_iPad = "UIInterfaceOrientationPortrait UIInterfaceOrientationPortraitUpsideDown UIInterfaceOrientationLandscapeLeft UIInterfaceOrientationLandscapeRight";
				INFOPLIST_KEY_UISupportedInterfaceOrientations_iPhone = "UIInterfaceOrientationPortrait UIInterfaceOrientationLandscapeLeft UIInterfaceOrientationLandscapeRight";
				LD_RUNPATH_SEARCH_PATHS = (
					"$(inherited)",
					"@executable_path/Frameworks",
				);
				MARKETING_VERSION = 1.0;
				PRODUCT_BUNDLE_IDENTIFIER = com.ssac.MyDdayExample;
				PRODUCT_NAME = "$(TARGET_NAME)";
				SWIFT_EMIT_LOC_STRINGS = YES;
				SWIFT_VERSION = 5.0;
				TARGETED_DEVICE_FAMILY = "1,2";
			};
			name = Release;
		};
		1BD1581A281D355000DD05CB /* Debug */ = {
			isa = XCBuildConfiguration;
			buildSettings = {
				ALWAYS_EMBED_SWIFT_STANDARD_LIBRARIES = YES;
				BUNDLE_LOADER = "$(TEST_HOST)";
				CODE_SIGN_STYLE = Automatic;
				CURRENT_PROJECT_VERSION = 1;
				GENERATE_INFOPLIST_FILE = YES;
				IPHONEOS_DEPLOYMENT_TARGET = 15.4;
				MARKETING_VERSION = 1.0;
				PRODUCT_BUNDLE_IDENTIFIER = com.ssac.MyDdayExampleTests;
				PRODUCT_NAME = "$(TARGET_NAME)";
				SWIFT_EMIT_LOC_STRINGS = NO;
				SWIFT_VERSION = 5.0;
				TARGETED_DEVICE_FAMILY = "1,2";
				TEST_HOST = "$(BUILT_PRODUCTS_DIR)/MyDdayExample.app/MyDdayExample";
			};
			name = Debug;
		};
		1BD1581B281D355000DD05CB /* Release */ = {
			isa = XCBuildConfiguration;
			buildSettings = {
				ALWAYS_EMBED_SWIFT_STANDARD_LIBRARIES = YES;
				BUNDLE_LOADER = "$(TEST_HOST)";
				CODE_SIGN_STYLE = Automatic;
				CURRENT_PROJECT_VERSION = 1;
				GENERATE_INFOPLIST_FILE = YES;
				IPHONEOS_DEPLOYMENT_TARGET = 15.4;
				MARKETING_VERSION = 1.0;
				PRODUCT_BUNDLE_IDENTIFIER = com.ssac.MyDdayExampleTests;
				PRODUCT_NAME = "$(TARGET_NAME)";
				SWIFT_EMIT_LOC_STRINGS = NO;
				SWIFT_VERSION = 5.0;
				TARGETED_DEVICE_FAMILY = "1,2";
				TEST_HOST = "$(BUILT_PRODUCTS_DIR)/MyDdayExample.app/MyDdayExample";
			};
			name = Release;
		};
		1BD1581D281D355000DD05CB /* Debug */ = {
			isa = XCBuildConfiguration;
			buildSettings = {
				ALWAYS_EMBED_SWIFT_STANDARD_LIBRARIES = YES;
				CODE_SIGN_STYLE = Automatic;
				CURRENT_PROJECT_VERSION = 1;
				GENERATE_INFOPLIST_FILE = YES;
				MARKETING_VERSION = 1.0;
				PRODUCT_BUNDLE_IDENTIFIER = com.ssac.MyDdayExampleUITests;
				PRODUCT_NAME = "$(TARGET_NAME)";
				SWIFT_EMIT_LOC_STRINGS = NO;
				SWIFT_VERSION = 5.0;
				TARGETED_DEVICE_FAMILY = "1,2";
				TEST_TARGET_NAME = MyDdayExample;
			};
			name = Debug;
		};
		1BD1581E281D355000DD05CB /* Release */ = {
			isa = XCBuildConfiguration;
			buildSettings = {
				ALWAYS_EMBED_SWIFT_STANDARD_LIBRARIES = YES;
				CODE_SIGN_STYLE = Automatic;
				CURRENT_PROJECT_VERSION = 1;
				GENERATE_INFOPLIST_FILE = YES;
				MARKETING_VERSION = 1.0;
				PRODUCT_BUNDLE_IDENTIFIER = com.ssac.MyDdayExampleUITests;
				PRODUCT_NAME = "$(TARGET_NAME)";
				SWIFT_EMIT_LOC_STRINGS = NO;
				SWIFT_VERSION = 5.0;
				TARGETED_DEVICE_FAMILY = "1,2";
				TEST_TARGET_NAME = MyDdayExample;
			};
			name = Release;
		};
/* End XCBuildConfiguration section */

/* Begin XCConfigurationList section */
		1BD157E7281D354F00DD05CB /* Build configuration list for PBXProject "MyDdayExample" */ = {
			isa = XCConfigurationList;
			buildConfigurations = (
				1BD15814281D355000DD05CB /* Debug */,
				1BD15815281D355000DD05CB /* Release */,
			);
			defaultConfigurationIsVisible = 0;
			defaultConfigurationName = Release;
		};
		1BD15816281D355000DD05CB /* Build configuration list for PBXNativeTarget "MyDdayExample" */ = {
			isa = XCConfigurationList;
			buildConfigurations = (
				1BD15817281D355000DD05CB /* Debug */,
				1BD15818281D355000DD05CB /* Release */,
			);
			defaultConfigurationIsVisible = 0;
			defaultConfigurationName = Release;
		};
		1BD15819281D355000DD05CB /* Build configuration list for PBXNativeTarget "MyDdayExampleTests" */ = {
			isa = XCConfigurationList;
			buildConfigurations = (
				1BD1581A281D355000DD05CB /* Debug */,
				1BD1581B281D355000DD05CB /* Release */,
			);
			defaultConfigurationIsVisible = 0;
			defaultConfigurationName = Release;
		};
		1BD1581C281D355000DD05CB /* Build configuration list for PBXNativeTarget "MyDdayExampleUITests" */ = {
			isa = XCConfigurationList;
			buildConfigurations = (
				1BD1581D281D355000DD05CB /* Debug */,
				1BD1581E281D355000DD05CB /* Release */,
			);
			defaultConfigurationIsVisible = 0;
			defaultConfigurationName = Release;
		};
/* End XCConfigurationList section */
	};
	rootObject = 1BD157E4281D354F00DD05CB /* Project object */;
}
